{
  "name": "ecommerce",
  "version": "1.0.0",
  "lockfileVersion": 1,
  "requires": true,
  "dependencies": {
    "breeze": {
      "version": "0.4.0",
      "resolved": "https://registry.npmjs.org/breeze/-/breeze-0.4.0.tgz",
      "integrity": "sha1-3nC8OrI1p3X1nn1u6X9OkCMUBXE="
    },
    "dragonfly": {
      "version": "0.2.1",
      "resolved": "https://registry.npmjs.org/dragonfly/-/dragonfly-0.2.1.tgz",
      "integrity": "sha1-0nCdCoQsgBR75zPiCSeeC7ViVxc="
    },
    "drip": {
      "version": "0.3.1",
      "resolved": "https://registry.npmjs.org/drip/-/drip-0.3.1.tgz",
      "integrity": "sha1-ppChLAriKZBGVY+UytFHXTZ0ZIY="
    },
    "filtr": {
      "version": "0.3.0",
      "resolved": "https://registry.npmjs.org/filtr/-/filtr-0.3.0.tgz",
      "integrity": "sha1-lX+Dgucqnv2XUCFQqozG9Ij5xiw="
    },
    "oath": {
      "version": "0.2.3",
      "resolved": "https://registry.npmjs.org/oath/-/oath-0.2.3.tgz",
      "integrity": "sha1-zUT8YST8+ctlrKYOugXFHz2gAZ4="
    },
    "seed": {
      "version": "0.4.4",
      "resolved": "https://registry.npmjs.org/seed/-/seed-0.4.4.tgz",
      "integrity": "sha1-dQw3EonZRSfG62VB2FqNgb2T0vM=",
      "requires": {
        "breeze": "0.4.x",
        "dragonfly": "0.2.x",
        "drip": "0.3.x",
        "filtr": "0.3.x",
        "oath": "0.2.x",
        "sol": "0.3.x",
        "super": "0.2.x"
      }
    },
    "sol": {
      "version": "0.3.0",
      "resolved": "https://registry.npmjs.org/sol/-/sol-0.3.0.tgz",
      "integrity": "sha1-md7QNn5dWLTFv0+HMmCnoeqP1hE="
    },
    "super": {
      "version": "0.2.3",
      "resolved": "https://registry.npmjs.org/super/-/super-0.2.3.tgz",
      "integrity": "sha1-pmlcHc4A/1hDKmPouc4miTK0LGE="
    }
  }
}
